
Microsoft Visual Studio Solution File, Format Version 12.00
# Visual Studio Version 17
VisualStudioVersion = 17.9.34714.143
MinimumVisualStudioVersion = 10.0.40219.1
Project("{FAE04EC0-301F-11D3-BF4B-00C04F79EFBC}") = "BotListener", "BotListener.csproj", "{4E5E3DA1-A4EE-43A0-91C0-858FD529DC70}"
EndProject
Global
	GlobalSection(SolutionConfigurationPlatforms) = preSolution
		Debug|Any CPU = Debug|Any CPU
		Release|Any CPU = Release|Any CPU
	EndGlobalSection
	GlobalSection(ProjectConfigurationPlatforms) = postSolution
		{4E5E3DA1-A4EE-43A0-91C0-858FD529DC70}.Debug|Any CPU.ActiveCfg = Debug|Any CPU
		{4E5E3DA1-A4EE-43A0-91C0-858FD529DC70}.Debug|Any CPU.Build.0 = Debug|Any CPU
		{4E5E3DA1-A4EE-43A0-91C0-858FD529DC70}.Release|Any CPU.ActiveCfg = Release|Any CPU
		{4E5E3DA1-A4EE-43A0-91C0-858FD529DC70}.Release|Any CPU.Build.0 = Release|Any CPU
	EndGlobalSection
	GlobalSection(SolutionProperties) = preSolution
		HideSolutionNode = FALSE
	EndGlobalSection
	GlobalSection(ExtensibilityGlobals) = postSolution
		SolutionGuid = {3ADBC3DF-2D5C-4DFB-9460-B840AEF29F22}
	EndGlobalSection
EndGlobal
