
Microsoft Visual Studio Solution File, Format Version 12.00
# Visual Studio Version 17
VisualStudioVersion = 17.4.33110.190
MinimumVisualStudioVersion = 10.0.40219.1
Project("{FAE04EC0-301F-11D3-BF4B-00C04F79EFBC}") = "ImpostorChatPlugin", "ImpostorChatPlugin.csproj", "{28886302-A449-45C6-A035-0511F23E47F6}"
EndProject
Global
	GlobalSection(SolutionConfigurationPlatforms) = preSolution
		Debug|Any CPU = Debug|Any CPU
		Release|Any CPU = Release|Any CPU
	EndGlobalSection
	GlobalSection(ProjectConfigurationPlatforms) = postSolution
		{28886302-A449-45C6-A035-0511F23E47F6}.Debug|Any CPU.ActiveCfg = Debug|Any CPU
		{28886302-A449-45C6-A035-0511F23E47F6}.Debug|Any CPU.Build.0 = Debug|Any CPU
		{28886302-A449-45C6-A035-0511F23E47F6}.Release|Any CPU.ActiveCfg = Release|Any CPU
		{28886302-A449-45C6-A035-0511F23E47F6}.Release|Any CPU.Build.0 = Release|Any CPU
	EndGlobalSection
	GlobalSection(SolutionProperties) = preSolution
		HideSolutionNode = FALSE
	EndGlobalSection
	GlobalSection(ExtensibilityGlobals) = postSolution
		SolutionGuid = {986F6A2E-5BD1-43E3-8739-647BB9284078}
	EndGlobalSection
EndGlobal
